// !$*UTF8*$!
{
	archiveVersion = 1;
	classes = {
	};
	objectVersion = 55;
	objects = {

/* Begin PBXBuildFile section */
		84321DC528BE50F5007CE42B /* AppDelegate.swift in Sources */ = {isa = PBXBuildFile; fileRef = 84321DC428BE50F5007CE42B /* AppDelegate.swift */; };
		84321DC728BE50F5007CE42B /* SceneDelegate.swift in Sources */ = {isa = PBXBuildFile; fileRef = 84321DC628BE50F5007CE42B /* SceneDelegate.swift */; };
		84321DC928BE50F5007CE42B /* ViewController.swift in Sources */ = {isa = PBXBuildFile; fileRef = 84321DC828BE50F5007CE42B /* ViewController.swift */; };
		84321DCC28BE50F5007CE42B /* Main.storyboard in Resources */ = {isa = PBXBuildFile; fileRef = 84321DCA28BE50F5007CE42B /* Main.storyboard */; };
		84321DCE28BE50F7007CE42B /* Assets.xcassets in Resources */ = {isa = PBXBuildFile; fileRef = 84321DCD28BE50F7007CE42B /* Assets.xcassets */; };
		84321DD128BE50F7007CE42B /* LaunchScreen.storyboard in Resources */ = {isa = PBXBuildFile; fileRef = 84321DCF28BE50F7007CE42B /* LaunchScreen.storyboard */; };
		84321DDC28BE50F7007CE42B /* ChargingStationsAppTests.swift in Sources */ = {isa = PBXBuildFile; fileRef = 84321DDB28BE50F7007CE42B /* ChargingStationsAppTests.swift */; };
		84321DE628BE50F7007CE42B /* ChargingStationsAppUITests.swift in Sources */ = {isa = PBXBuildFile; fileRef = 84321DE528BE50F7007CE42B /* ChargingStationsAppUITests.swift */; };
		84321DE828BE50F7007CE42B /* ChargingStationsAppUITestsLaunchTests.swift in Sources */ = {isa = PBXBuildFile; fileRef = 84321DE728BE50F7007CE42B /* ChargingStationsAppUITestsLaunchTests.swift */; };
/* End PBXBuildFile section */

/* Begin PBXContainerItemProxy section */
		84321DD828BE50F7007CE42B /* PBXContainerItemProxy */ = {
			isa = PBXContainerItemProxy;
			containerPortal = 84321DB928BE50F5007CE42B /* Project object */;
			proxyType = 1;
			remoteGlobalIDString = 84321DC028BE50F5007CE42B;
			remoteInfo = ChargingStationsApp;
		};
		84321DE228BE50F7007CE42B /* PBXContainerItemProxy */ = {
			isa = PBXContainerItemProxy;
			containerPortal = 84321DB928BE50F5007CE42B /* Project object */;
			proxyType = 1;
			remoteGlobalIDString = 84321DC028BE50F5007CE42B;
			remoteInfo = ChargingStationsApp;
		};
/* End PBXContainerItemProxy section */

/* Begin PBXFileReference section */
		84321DC128BE50F5007CE42B /* ChargingStationsApp.app */ = {isa = PBXFileReference; explicitFileType = wrapper.application; includeInIndex = 0; path = ChargingStationsApp.app; sourceTree = BUILT_PRODUCTS_DIR; };
		84321DC428BE50F5007CE42B /* AppDelegate.swift */ = {isa = PBXFileReference; lastKnownFileType = sourcecode.swift; path = AppDelegate.swift; sourceTree = "<group>"; };
		84321DC628BE50F5007CE42B /* SceneDelegate.swift */ = {isa = PBXFileReference; lastKnownFileType = sourcecode.swift; path = SceneDelegate.swift; sourceTree = "<group>"; };
		84321DC828BE50F5007CE42B /* ViewController.swift */ = {isa = PBXFileReference; lastKnownFileType = sourcecode.swift; path = ViewController.swift; sourceTree = "<group>"; };
		84321DCB28BE50F5007CE42B /* Base */ = {isa = PBXFileReference; lastKnownFileType = file.storyboard; name = Base; path = Base.lproj/Main.storyboard; sourceTree = "<group>"; };
		84321DCD28BE50F7007CE42B /* Assets.xcassets */ = {isa = PBXFileReference; lastKnownFileType = folder.assetcatalog; path = Assets.xcassets; sourceTree = "<group>"; };
		84321DD028BE50F7007CE42B /* Base */ = {isa = PBXFileReference; lastKnownFileType = file.storyboard; name = Base; path = Base.lproj/LaunchScreen.storyboard; sourceTree = "<group>"; };
		84321DD228BE50F7007CE42B /* Info.plist */ = {isa = PBXFileReference; lastKnownFileType = text.plist.xml; path = Info.plist; sourceTree = "<group>"; };
		84321DD728BE50F7007CE42B /* ChargingStationsAppTests.xctest */ = {isa = PBXFileReference; explicitFileType = wrapper.cfbundle; includeInIndex = 0; path = ChargingStationsAppTests.xctest; sourceTree = BUILT_PRODUCTS_DIR; };
		84321DDB28BE50F7007CE42B /* ChargingStationsAppTests.swift */ = {isa = PBXFileReference; lastKnownFileType = sourcecode.swift; path = ChargingStationsAppTests.swift; sourceTree = "<group>"; };
		84321DE128BE50F7007CE42B /* ChargingStationsAppUITests.xctest */ = {isa = PBXFileReference; explicitFileType = wrapper.cfbundle; includeInIndex = 0; path = ChargingStationsAppUITests.xctest; sourceTree = BUILT_PRODUCTS_DIR; };
		84321DE528BE50F7007CE42B /* ChargingStationsAppUITests.swift */ = {isa = PBXFileReference; lastKnownFileType = sourcecode.swift; path = ChargingStationsAppUITests.swift; sourceTree = "<group>"; };
		84321DE728BE50F7007CE42B /* ChargingStationsAppUITestsLaunchTests.swift */ = {isa = PBXFileReference; lastKnownFileType = sourcecode.swift; path = ChargingStationsAppUITestsLaunchTests.swift; sourceTree = "<group>"; };
/* End PBXFileReference section */

/* Begin PBXFrameworksBuildPhase section */
		84321DBE28BE50F5007CE42B /* Frameworks */ = {
			isa = PBXFrameworksBuildPhase;
			buildActionMask = 2147483647;
			files = (
			);
			runOnlyForDeploymentPostprocessing = 0;
		};
		84321DD428BE50F7007CE42B /* Frameworks */ = {
			isa = PBXFrameworksBuildPhase;
			buildActionMask = 2147483647;
			files = (
			);
			runOnlyForDeploymentPostprocessing = 0;
		};
		84321DDE28BE50F7007CE42B /* Frameworks */ = {
			isa = PBXFrameworksBuildPhase;
			buildActionMask = 2147483647;
			files = (
			);
			runOnlyForDeploymentPostprocessing = 0;
		};
/* End PBXFrameworksBuildPhase section */

/* Begin PBXGroup section */
		84321DB828BE50F5007CE42B = {
			isa = PBXGroup;
			children = (
				84321DC328BE50F5007CE42B /* ChargingStationsApp */,
				84321DDA28BE50F7007CE42B /* ChargingStationsAppTests */,
				84321DE428BE50F7007CE42B /* ChargingStationsAppUITests */,
				84321DC228BE50F5007CE42B /* Products */,
			);
			sourceTree = "<group>";
		};
		84321DC228BE50F5007CE42B /* Products */ = {
			isa = PBXGroup;
			children = (
				84321DC128BE50F5007CE42B /* ChargingStationsApp.app */,
				84321DD728BE50F7007CE42B /* ChargingStationsAppTests.xctest */,
				84321DE128BE50F7007CE42B /* ChargingStationsAppUITests.xctest */,
			);
			name = Products;
			sourceTree = "<group>";
		};
		84321DC328BE50F5007CE42B /* ChargingStationsApp */ = {
			isa = PBXGroup;
			children = (
				84321DC428BE50F5007CE42B /* AppDelegate.swift */,
				84321DC628BE50F5007CE42B /* SceneDelegate.swift */,
				84321DC828BE50F5007CE42B /* ViewController.swift */,
				84321DCA28BE50F5007CE42B /* Main.storyboard */,
				84321DCD28BE50F7007CE42B /* Assets.xcassets */,
				84321DCF28BE50F7007CE42B /* LaunchScreen.storyboard */,
				84321DD228BE50F7007CE42B /* Info.plist */,
			);
			path = ChargingStationsApp;
			sourceTree = "<group>";
		};
		84321DDA28BE50F7007CE42B /* ChargingStationsAppTests */ = {
			isa = PBXGroup;
			children = (
				84321DDB28BE50F7007CE42B /* ChargingStationsAppTests.swift */,
			);
			path = ChargingStationsAppTests;
			sourceTree = "<group>";
		};
		84321DE428BE50F7007CE42B /* ChargingStationsAppUITests */ = {
			isa = PBXGroup;
			children = (
				84321DE528BE50F7007CE42B /* ChargingStationsAppUITests.swift */,
				84321DE728BE50F7007CE42B /* ChargingStationsAppUITestsLaunchTests.swift */,
			);
			path = ChargingStationsAppUITests;
			sourceTree = "<group>";
		};
/* End PBXGroup section */

/* Begin PBXNativeTarget section */
		84321DC028BE50F5007CE42B /* ChargingStationsApp */ = {
			isa = PBXNativeTarget;
			buildConfigurationList = 84321DEB28BE50F7007CE42B /* Build configuration list for PBXNativeTarget "ChargingStationsApp" */;
			buildPhases = (
				84321DBD28BE50F5007CE42B /* Sources */,
				84321DBE28BE50F5007CE42B /* Frameworks */,
				84321DBF28BE50F5007CE42B /* Resources */,
			);
			buildRules = (
			);
			dependencies = (
			);
			name = ChargingStationsApp;
			productName = ChargingStationsApp;
			productReference = 84321DC128BE50F5007CE42B /* ChargingStationsApp.app */;
			productType = "com.apple.product-type.application";
		};
		84321DD628BE50F7007CE42B /* ChargingStationsAppTests */ = {
			isa = PBXNativeTarget;
			buildConfigurationList = 84321DEE28BE50F7007CE42B /* Build configuration list for PBXNativeTarget "ChargingStationsAppTests" */;
			buildPhases = (
				84321DD328BE50F7007CE42B /* Sources */,
				84321DD428BE50F7007CE42B /* Frameworks */,
				84321DD528BE50F7007CE42B /* Resources */,
			);
			buildRules = (
			);
			dependencies = (
				84321DD928BE50F7007CE42B /* PBXTargetDependency */,
			);
			name = ChargingStationsAppTests;
			productName = ChargingStationsAppTests;
			productReference = 84321DD728BE50F7007CE42B /* ChargingStationsAppTests.xctest */;
			productType = "com.apple.product-type.bundle.unit-test";
		};
		84321DE028BE50F7007CE42B /* ChargingStationsAppUITests */ = {
			isa = PBXNativeTarget;
			buildConfigurationList = 84321DF128BE50F7007CE42B /* Build configuration list for PBXNativeTarget "ChargingStationsAppUITests" */;
			buildPhases = (
				84321DDD28BE50F7007CE42B /* Sources */,
				84321DDE28BE50F7007CE42B /* Frameworks */,
				84321DDF28BE50F7007CE42B /* Resources */,
			);
			buildRules = (
			);
			dependencies = (
				84321DE328BE50F7007CE42B /* PBXTargetDependency */,
			);
			name = ChargingStationsAppUITests;
			productName = ChargingStationsAppUITests;
			productReference = 84321DE128BE50F7007CE42B /* ChargingStationsAppUITests.xctest */;
			productType = "com.apple.product-type.bundle.ui-testing";
		};
/* End PBXNativeTarget section */

/* Begin PBXProject section */
		84321DB928BE50F5007CE42B /* Project object */ = {
			isa = PBXProject;
			attributes = {
				BuildIndependentTargetsInParallel = 1;
				LastSwiftUpdateCheck = 1330;
				LastUpgradeCheck = 1330;
				TargetAttributes = {
					84321DC028BE50F5007CE42B = {
						CreatedOnToolsVersion = 13.3.1;
					};
					84321DD628BE50F7007CE42B = {
						CreatedOnToolsVersion = 13.3.1;
						TestTargetID = 84321DC028BE50F5007CE42B;
					};
					84321DE028BE50F7007CE42B = {
						CreatedOnToolsVersion = 13.3.1;
						TestTargetID = 84321DC028BE50F5007CE42B;
					};
				};
			};
			buildConfigurationList = 84321DBC28BE50F5007CE42B /* Build configuration list for PBXProject "ChargingStationsApp" */;
			compatibilityVersion = "Xcode 13.0";
			developmentRegion = en;
			hasScannedForEncodings = 0;
			knownRegions = (
				en,
				Base,
			);
			mainGroup = 84321DB828BE50F5007CE42B;
			productRefGroup = 84321DC228BE50F5007CE42B /* Products */;
			projectDirPath = "";
			projectRoot = "";
			targets = (
				84321DC028BE50F5007CE42B /* ChargingStationsApp */,
				84321DD628BE50F7007CE42B /* ChargingStationsAppTests */,
				84321DE028BE50F7007CE42B /* ChargingStationsAppUITests */,
			);
		};
/* End PBXProject section */

/* Begin PBXResourcesBuildPhase section */
		84321DBF28BE50F5007CE42B /* Resources */ = {
			isa = PBXResourcesBuildPhase;
			buildActionMask = 2147483647;
			files = (
				84321DD128BE50F7007CE42B /* LaunchScreen.storyboard in Resources */,
				84321DCE28BE50F7007CE42B /* Assets.xcassets in Resources */,
				84321DCC28BE50F5007CE42B /* Main.storyboard in Resources */,
			);
			runOnlyForDeploymentPostprocessing = 0;
		};
		84321DD528BE50F7007CE42B /* Resources */ = {
			isa = PBXResourcesBuildPhase;
			buildActionMask = 2147483647;
			files = (
			);
			runOnlyForDeploymentPostprocessing = 0;
		};
		84321DDF28BE50F7007CE42B /* Resources */ = {
			isa = PBXResourcesBuildPhase;
			buildActionMask = 2147483647;
			files = (
			);
			runOnlyForDeploymentPostprocessing = 0;
		};
/* End PBXResourcesBuildPhase section */

/* Begin PBXSourcesBuildPhase section */
		84321DBD28BE50F5007CE42B /* Sources */ = {
			isa = PBXSourcesBuildPhase;
			buildActionMask = 2147483647;
			files = (
				84321DC928BE50F5007CE42B /* ViewController.swift in Sources */,
				84321DC528BE50F5007CE42B /* AppDelegate.swift in Sources */,
				84321DC728BE50F5007CE42B /* SceneDelegate.swift in Sources */,
			);
			runOnlyForDeploymentPostprocessing = 0;
		};
		84321DD328BE50F7007CE42B /* Sources */ = {
			isa = PBXSourcesBuildPhase;
			buildActionMask = 2147483647;
			files = (
				84321DDC28BE50F7007CE42B /* ChargingStationsAppTests.swift in Sources */,
			);
			runOnlyForDeploymentPostprocessing = 0;
		};
		84321DDD28BE50F7007CE42B /* Sources */ = {
			isa = PBXSourcesBuildPhase;
			buildActionMask = 2147483647;
			files = (
				84321DE828BE50F7007CE42B /* ChargingStationsAppUITestsLaunchTests.swift in Sources */,
				84321DE628BE50F7007CE42B /* ChargingStationsAppUITests.swift in Sources */,
			);
			runOnlyForDeploymentPostprocessing = 0;
		};
/* End PBXSourcesBuildPhase section */

/* Begin PBXTargetDependency section */
		84321DD928BE50F7007CE42B /* PBXTargetDependency */ = {
			isa = PBXTargetDependency;
			target = 84321DC028BE50F5007CE42B /* ChargingStationsApp */;
			targetProxy = 84321DD828BE50F7007CE42B /* PBXContainerItemProxy */;
		};
		84321DE328BE50F7007CE42B /* PBXTargetDependency */ = {
			isa = PBXTargetDependency;
			target = 84321DC028BE50F5007CE42B /* ChargingStationsApp */;
			targetProxy = 84321DE228BE50F7007CE42B /* PBXContainerItemProxy */;
		};
/* End PBXTargetDependency section */

/* Begin PBXVariantGroup section */
		84321DCA28BE50F5007CE42B /* Main.storyboard */ = {
			isa = PBXVariantGroup;
			children = (
				84321DCB28BE50F5007CE42B /* Base */,
			);
			name = Main.storyboard;
			sourceTree = "<group>";
		};
		84321DCF28BE50F7007CE42B /* LaunchScreen.storyboard */ = {
			isa = PBXVariantGroup;
			children = (
				84321DD028BE50F7007CE42B /* Base */,
			);
			name = LaunchScreen.storyboard;
			sourceTree = "<group>";
		};
/* End PBXVariantGroup section */

/* Begin XCBuildConfiguration section */
		84321DE928BE50F7007CE42B /* Debug */ = {
			isa = XCBuildConfiguration;
			buildSettings = {
				ALWAYS_SEARCH_USER_PATHS = NO;
				CLANG_ANALYZER_NONNULL = YES;
				CLANG_ANALYZER_NUMBER_OBJECT_CONVERSION = YES_AGGRESSIVE;
				CLANG_CXX_LANGUAGE_STANDARD = "gnu++17";
				CLANG_ENABLE_MODULES = YES;
				CLANG_ENABLE_OBJC_ARC = YES;
				CLANG_ENABLE_OBJC_WEAK = YES;
				CLANG_WARN_BLOCK_CAPTURE_AUTORELEASING = YES;
				CLANG_WARN_BOOL_CONVERSION = YES;
				CLANG_WARN_COMMA = YES;
				CLANG_WARN_CONSTANT_CONVERSION = YES;
				CLANG_WARN_DEPRECATED_OBJC_IMPLEMENTATIONS = YES;
				CLANG_WARN_DIRECT_OBJC_ISA_USAGE = YES_ERROR;
				CLANG_WARN_DOCUMENTATION_COMMENTS = YES;
				CLANG_WARN_EMPTY_BODY = YES;
				CLANG_WARN_ENUM_CONVERSION = YES;
				CLANG_WARN_INFINITE_RECURSION = YES;
				CLANG_WARN_INT_CONVERSION = YES;
				CLANG_WARN_NON_LITERAL_NULL_CONVERSION = YES;
				CLANG_WARN_OBJC_IMPLICIT_RETAIN_SELF = YES;
				CLANG_WARN_OBJC_LITERAL_CONVERSION = YES;
				CLANG_WARN_OBJC_ROOT_CLASS = YES_ERROR;
				CLANG_WARN_QUOTED_INCLUDE_IN_FRAMEWORK_HEADER = YES;
				CLANG_WARN_RANGE_LOOP_ANALYSIS = YES;
				CLANG_WARN_STRICT_PROTOTYPES = YES;
				CLANG_WARN_SUSPICIOUS_MOVE = YES;
				CLANG_WARN_UNGUARDED_AVAILABILITY = YES_AGGRESSIVE;
				CLANG_WARN_UNREACHABLE_CODE = YES;
				CLANG_WARN__DUPLICATE_METHOD_MATCH = YES;
				COPY_PHASE_STRIP = NO;
				DEBUG_INFORMATION_FORMAT = dwarf;
				ENABLE_STRICT_OBJC_MSGSEND = YES;
				ENABLE_TESTABILITY = YES;
				GCC_C_LANGUAGE_STANDARD = gnu11;
				GCC_DYNAMIC_NO_PIC = NO;
				GCC_NO_COMMON_BLOCKS = YES;
				GCC_OPTIMIZATION_LEVEL = 0;
				GCC_PREPROCESSOR_DEFINITIONS = (
					"DEBUG=1",
					"$(inherited)",
				);
				GCC_WARN_64_TO_32_BIT_CONVERSION = YES;
				GCC_WARN_ABOUT_RETURN_TYPE = YES_ERROR;
				GCC_WARN_UNDECLARED_SELECTOR = YES;
				GCC_WARN_UNINITIALIZED_AUTOS = YES_AGGRESSIVE;
				GCC_WARN_UNUSED_FUNCTION = YES;
				GCC_WARN_UNUSED_VARIABLE = YES;
				IPHONEOS_DEPLOYMENT_TARGET = 15.4;
				MTL_ENABLE_DEBUG_INFO = INCLUDE_SOURCE;
				MTL_FAST_MATH = YES;
				ONLY_ACTIVE_ARCH = YES;
				SDKROOT = iphoneos;
				SWIFT_ACTIVE_COMPILATION_CONDITIONS = DEBUG;
				SWIFT_OPTIMIZATION_LEVEL = "-Onone";
			};
			name = Debug;
		};
		84321DEA28BE50F7007CE42B /* Release */ = {
			isa = XCBuildConfiguration;
			buildSettings = {
				ALWAYS_SEARCH_USER_PATHS = NO;
				CLANG_ANALYZER_NONNULL = YES;
				CLANG_ANALYZER_NUMBER_OBJECT_CONVERSION = YES_AGGRESSIVE;
				CLANG_CXX_LANGUAGE_STANDARD = "gnu++17";
				CLANG_ENABLE_MODULES = YES;
				CLANG_ENABLE_OBJC_ARC = YES;
				CLANG_ENABLE_OBJC_WEAK = YES;
				CLANG_WARN_BLOCK_CAPTURE_AUTORELEASING = YES;
				CLANG_WARN_BOOL_CONVERSION = YES;
				CLANG_WARN_COMMA = YES;
				CLANG_WARN_CONSTANT_CONVERSION = YES;
				CLANG_WARN_DEPRECATED_OBJC_IMPLEMENTATIONS = YES;
				CLANG_WARN_DIRECT_OBJC_ISA_USAGE = YES_ERROR;
				CLANG_WARN_DOCUMENTATION_COMMENTS = YES;
				CLANG_WARN_EMPTY_BODY = YES;
				CLANG_WARN_ENUM_CONVERSION = YES;
				CLANG_WARN_INFINITE_RECURSION = YES;
				CLANG_WARN_INT_CONVERSION = YES;
				CLANG_WARN_NON_LITERAL_NULL_CONVERSION = YES;
				CLANG_WARN_OBJC_IMPLICIT_RETAIN_SELF = YES;
				CLANG_WARN_OBJC_LITERAL_CONVERSION = YES;
				CLANG_WARN_OBJC_ROOT_CLASS = YES_ERROR;
				CLANG_WARN_QUOTED_INCLUDE_IN_FRAMEWORK_HEADER = YES;
				CLANG_WARN_RANGE_LOOP_ANALYSIS = YES;
				CLANG_WARN_STRICT_PROTOTYPES = YES;
				CLANG_WARN_SUSPICIOUS_MOVE = YES;
				CLANG_WARN_UNGUARDED_AVAILABILITY = YES_AGGRESSIVE;
				CLANG_WARN_UNREACHABLE_CODE = YES;
				CLANG_WARN__DUPLICATE_METHOD_MATCH = YES;
				COPY_PHASE_STRIP = NO;
				DEBUG_INFORMATION_FORMAT = "dwarf-with-dsym";
				ENABLE_NS_ASSERTIONS = NO;
				ENABLE_STRICT_OBJC_MSGSEND = YES;
				GCC_C_LANGUAGE_STANDARD = gnu11;
				GCC_NO_COMMON_BLOCKS = YES;
				GCC_WARN_64_TO_32_BIT_CONVERSION = YES;
				GCC_WARN_ABOUT_RETURN_TYPE = YES_ERROR;
				GCC_WARN_UNDECLARED_SELECTOR = YES;
				GCC_WARN_UNINITIALIZED_AUTOS = YES_AGGRESSIVE;
				GCC_WARN_UNUSED_FUNCTION = YES;
				GCC_WARN_UNUSED_VARIABLE = YES;
				IPHONEOS_DEPLOYMENT_TARGET = 15.4;
				MTL_ENABLE_DEBUG_INFO = NO;
				MTL_FAST_MATH = YES;
				SDKROOT = iphoneos;
				SWIFT_COMPILATION_MODE = wholemodule;
				SWIFT_OPTIMIZATION_LEVEL = "-O";
				VALIDATE_PRODUCT = YES;
			};
			name = Release;
		};
		84321DEC28BE50F7007CE42B /* Debug */ = {
			isa = XCBuildConfiguration;
			buildSettings = {
				ASSETCATALOG_COMPILER_APPICON_NAME = AppIcon;
				ASSETCATALOG_COMPILER_GLOBAL_ACCENT_COLOR_NAME = AccentColor;
				CODE_SIGN_STYLE = Automatic;
				CURRENT_PROJECT_VERSION = 1;
				DEVELOPMENT_TEAM = KHRD8446CX;
				GENERATE_INFOPLIST_FILE = YES;
				INFOPLIST_FILE = ChargingStationsApp/Info.plist;
				INFOPLIST_KEY_UIApplicationSupportsIndirectInputEvents = YES;
				INFOPLIST_KEY_UILaunchStoryboardName = LaunchScreen;
				INFOPLIST_KEY_UIMainStoryboardFile = Main;
				INFOPLIST_KEY_UISupportedInterfaceOrientations_iPad = "UIInterfaceOrientationPortrait UIInterfaceOrientationPortraitUpsideDown UIInterfaceOrientationLandscapeLeft UIInterfaceOrientationLandscapeRight";
				INFOPLIST_KEY_UISupportedInterfaceOrientations_iPhone = "UIInterfaceOrientationPortrait UIInterfaceOrientationLandscapeLeft UIInterfaceOrientationLandscapeRight";
				LD_RUNPATH_SEARCH_PATHS = (
					"$(inherited)",
					"@executable_path/Frameworks",
				);
				MARKETING_VERSION = 1.0;
				PRODUCT_BUNDLE_IDENTIFIER = magiclamp.ChargingStationsApp;
				PRODUCT_NAME = "$(TARGET_NAME)";
				SWIFT_EMIT_LOC_STRINGS = YES;
				SWIFT_VERSION = 5.0;
				TARGETED_DEVICE_FAMILY = "1,2";
			};
			name = Debug;
		};
		84321DED28BE50F7007CE42B /* Release */ = {
			isa = XCBuildConfiguration;
			buildSettings = {
				ASSETCATALOG_COMPILER_APPICON_NAME = AppIcon;
				ASSETCATALOG_COMPILER_GLOBAL_ACCENT_COLOR_NAME = AccentColor;
				CODE_SIGN_STYLE = Automatic;
				CURRENT_PROJECT_VERSION = 1;
				DEVELOPMENT_TEAM = KHRD8446CX;
				GENERATE_INFOPLIST_FILE = YES;
				INFOPLIST_FILE = ChargingStationsApp/Info.plist;
				INFOPLIST_KEY_UIApplicationSupportsIndirectInputEvents = YES;
				INFOPLIST_KEY_UILaunchStoryboardName = LaunchScreen;
				INFOPLIST_KEY_UIMainStoryboardFile = Main;
				INFOPLIST_KEY_UISupportedInterfaceOrientations_iPad = "UIInterfaceOrientationPortrait UIInterfaceOrientationPortraitUpsideDown UIInterfaceOrientationLandscapeLeft UIInterfaceOrientationLandscapeRight";
				INFOPLIST_KEY_UISupportedInterfaceOrientations_iPhone = "UIInterfaceOrientationPortrait UIInterfaceOrientationLandscapeLeft UIInterfaceOrientationLandscapeRight";
				LD_RUNPATH_SEARCH_PATHS = (
					"$(inherited)",
					"@executable_path/Frameworks",
				);
				MARKETING_VERSION = 1.0;
				PRODUCT_BUNDLE_IDENTIFIER = magiclamp.ChargingStationsApp;
				PRODUCT_NAME = "$(TARGET_NAME)";
				SWIFT_EMIT_LOC_STRINGS = YES;
				SWIFT_VERSION = 5.0;
				TARGETED_DEVICE_FAMILY = "1,2";
			};
			name = Release;
		};
		84321DEF28BE50F7007CE42B /* Debug */ = {
			isa = XCBuildConfiguration;
			buildSettings = {
				ALWAYS_EMBED_SWIFT_STANDARD_LIBRARIES = YES;
				BUNDLE_LOADER = "$(TEST_HOST)";
				CODE_SIGN_STYLE = Automatic;
				CURRENT_PROJECT_VERSION = 1;
				DEVELOPMENT_TEAM = KHRD8446CX;
				GENERATE_INFOPLIST_FILE = YES;
				IPHONEOS_DEPLOYMENT_TARGET = 15.4;
				MARKETING_VERSION = 1.0;
				PRODUCT_BUNDLE_IDENTIFIER = magiclamp.ChargingStationsAppTests;
				PRODUCT_NAME = "$(TARGET_NAME)";
				SWIFT_EMIT_LOC_STRINGS = NO;
				SWIFT_VERSION = 5.0;
				TARGETED_DEVICE_FAMILY = "1,2";
				TEST_HOST = "$(BUILT_PRODUCTS_DIR)/ChargingStationsApp.app/ChargingStationsApp";
			};
			name = Debug;
		};
		84321DF028BE50F7007CE42B /* Release */ = {
			isa = XCBuildConfiguration;
			buildSettings = {
				ALWAYS_EMBED_SWIFT_STANDARD_LIBRARIES = YES;
				BUNDLE_LOADER = "$(TEST_HOST)";
				CODE_SIGN_STYLE = Automatic;
				CURRENT_PROJECT_VERSION = 1;
				DEVELOPMENT_TEAM = KHRD8446CX;
				GENERATE_INFOPLIST_FILE = YES;
				IPHONEOS_DEPLOYMENT_TARGET = 15.4;
				MARKETING_VERSION = 1.0;
				PRODUCT_BUNDLE_IDENTIFIER = magiclamp.ChargingStationsAppTests;
				PRODUCT_NAME = "$(TARGET_NAME)";
				SWIFT_EMIT_LOC_STRINGS = NO;
				SWIFT_VERSION = 5.0;
				TARGETED_DEVICE_FAMILY = "1,2";
				TEST_HOST = "$(BUILT_PRODUCTS_DIR)/ChargingStationsApp.app/ChargingStationsApp";
			};
			name = Release;
		};
		84321DF228BE50F7007CE42B /* Debug */ = {
			isa = XCBuildConfiguration;
			buildSettings = {
				ALWAYS_EMBED_SWIFT_STANDARD_LIBRARIES = YES;
				CODE_SIGN_STYLE = Automatic;
				CURRENT_PROJECT_VERSION = 1;
				DEVELOPMENT_TEAM = KHRD8446CX;
				GENERATE_INFOPLIST_FILE = YES;
				MARKETING_VERSION = 1.0;
				PRODUCT_BUNDLE_IDENTIFIER = magiclamp.ChargingStationsAppUITests;
				PRODUCT_NAME = "$(TARGET_NAME)";
				SWIFT_EMIT_LOC_STRINGS = NO;
				SWIFT_VERSION = 5.0;
				TARGETED_DEVICE_FAMILY = "1,2";
				TEST_TARGET_NAME = ChargingStationsApp;
			};
			name = Debug;
		};
		84321DF328BE50F7007CE42B /* Release */ = {
			isa = XCBuildConfiguration;
			buildSettings = {
				ALWAYS_EMBED_SWIFT_STANDARD_LIBRARIES = YES;
				CODE_SIGN_STYLE = Automatic;
				CURRENT_PROJECT_VERSION = 1;
				DEVELOPMENT_TEAM = KHRD8446CX;
				GENERATE_INFOPLIST_FILE = YES;
				MARKETING_VERSION = 1.0;
				PRODUCT_BUNDLE_IDENTIFIER = magiclamp.ChargingStationsAppUITests;
				PRODUCT_NAME = "$(TARGET_NAME)";
				SWIFT_EMIT_LOC_STRINGS = NO;
				SWIFT_VERSION = 5.0;
				TARGETED_DEVICE_FAMILY = "1,2";
				TEST_TARGET_NAME = ChargingStationsApp;
			};
			name = Release;
		};
/* End XCBuildConfiguration section */

/* Begin XCConfigurationList section */
		84321DBC28BE50F5007CE42B /* Build configuration list for PBXProject "ChargingStationsApp" */ = {
			isa = XCConfigurationList;
			buildConfigurations = (
				84321DE928BE50F7007CE42B /* Debug */,
				84321DEA28BE50F7007CE42B /* Release */,
			);
			defaultConfigurationIsVisible = 0;
			defaultConfigurationName = Release;
		};
		84321DEB28BE50F7007CE42B /* Build configuration list for PBXNativeTarget "ChargingStationsApp" */ = {
			isa = XCConfigurationList;
			buildConfigurations = (
				84321DEC28BE50F7007CE42B /* Debug */,
				84321DED28BE50F7007CE42B /* Release */,
			);
			defaultConfigurationIsVisible = 0;
			defaultConfigurationName = Release;
		};
		84321DEE28BE50F7007CE42B /* Build configuration list for PBXNativeTarget "ChargingStationsAppTests" */ = {
			isa = XCConfigurationList;
			buildConfigurations = (
				84321DEF28BE50F7007CE42B /* Debug */,
				84321DF028BE50F7007CE42B /* Release */,
			);
			defaultConfigurationIsVisible = 0;
			defaultConfigurationName = Release;
		};
		84321DF128BE50F7007CE42B /* Build configuration list for PBXNativeTarget "ChargingStationsAppUITests" */ = {
			isa = XCConfigurationList;
			buildConfigurations = (
				84321DF228BE50F7007CE42B /* Debug */,
				84321DF328BE50F7007CE42B /* Release */,
			);
			defaultConfigurationIsVisible = 0;
			defaultConfigurationName = Release;
		};
/* End XCConfigurationList section */
	};
	rootObject = 84321DB928BE50F5007CE42B /* Project object */;
}
